{
  "name": "staking-sdk-example",
  "version": "1.0.0",
  "lockfileVersion": 3,
  "requires": true,
  "packages": {
    "": {
      "name": "staking-sdk-example",
      "version": "1.0.0",
      "license": "Proprietary",
      "dependencies": {
        "@restake/staking-sdk": "../"
      }
    },
    "..": {
      "name": "@restake/staking-sdk",
      "version": "0.0.1",
      "license": "Proprietary",
      "dependencies": {
        "@noble/curves": "0.7.3",
        "avalanche": "3.16.0",
        "bech32": "2.0.0",
        "bn.js": "5.2.1",
        "near-api-js": "1.1.0"
      },
      "devDependencies": {
        "@types/bn.js": "5.1.1",
        "@types/elliptic": "6.4.14",
        "@types/node": "18.14.2",
        "@types/ws": "8.5.4",
        "typescript": "5.0.0-beta"
      }
    },
    "node_modules/@restake/staking-sdk": {
      "resolved": "..",
      "link": true
    }
  }
}
